
Microsoft Visual Studio Solution File, Format Version 12.00
# Visual Studio Version 17
VisualStudioVersion = 17.9.34616.47
MinimumVisualStudioVersion = 10.0.40219.1
Project("{9A19103F-16F7-4668-BE54-9A1E7A4F7556}") = "BlazorTestApp", "BlazorTestApp\BlazorTestApp.csproj", "{F8E1E238-30ED-48B3-8DE5-AC5CC6CA1937}"
EndProject
Project("{9A19103F-16F7-4668-BE54-9A1E7A4F7556}") = "BlazorTestApp.Tests", "BlazorTestApp.Tests\BlazorTestApp.Tests.csproj", "{29C9A3E4-1C0B-4E74-A240-2CBC57039F78}"
EndProject
Global
	GlobalSection(SolutionConfigurationPlatforms) = preSolution
		Debug|Any CPU = Debug|Any CPU
		Release|Any CPU = Release|Any CPU
	EndGlobalSection
	GlobalSection(ProjectConfigurationPlatforms) = postSolution
		{F8E1E238-30ED-48B3-8DE5-AC5CC6CA1937}.Debug|Any CPU.ActiveCfg = Debug|Any CPU
		{F8E1E238-30ED-48B3-8DE5-AC5CC6CA1937}.Debug|Any CPU.Build.0 = Debug|Any CPU
		{F8E1E238-30ED-48B3-8DE5-AC5CC6CA1937}.Release|Any CPU.ActiveCfg = Release|Any CPU
		{F8E1E238-30ED-48B3-8DE5-AC5CC6CA1937}.Release|Any CPU.Build.0 = Release|Any CPU
		{29C9A3E4-1C0B-4E74-A240-2CBC57039F78}.Debug|Any CPU.ActiveCfg = Debug|Any CPU
		{29C9A3E4-1C0B-4E74-A240-2CBC57039F78}.Debug|Any CPU.Build.0 = Debug|Any CPU
		{29C9A3E4-1C0B-4E74-A240-2CBC57039F78}.Release|Any CPU.ActiveCfg = Release|Any CPU
		{29C9A3E4-1C0B-4E74-A240-2CBC57039F78}.Release|Any CPU.Build.0 = Release|Any CPU
	EndGlobalSection
	GlobalSection(SolutionProperties) = preSolution
		HideSolutionNode = FALSE
	EndGlobalSection
	GlobalSection(ExtensibilityGlobals) = postSolution
		SolutionGuid = {7CB4E827-DC4E-4908-B2AF-784E9CFF1D2F}
	EndGlobalSection
EndGlobal
